
Microsoft Visual Studio Solution File, Format Version 12.00
# Visual Studio Version 18
VisualStudioVersion = 18.6.11806.211 stable
MinimumVisualStudioVersion = 10.0.40219.1
Project("{FAE04EC0-301F-11D3-BF4B-00C04F79EFBC}") = "Filevy", "Filevy\Filevy.csproj", "{43F6860F-7BD4-4226-B3A1-E0F5B36D041C}"
EndProject
Global
	GlobalSection(SolutionConfigurationPlatforms) = preSolution
		Debug|Any CPU = Debug|Any CPU
		Release|Any CPU = Release|Any CPU
	EndGlobalSection
	GlobalSection(ProjectConfigurationPlatforms) = postSolution
		{43F6860F-7BD4-4226-B3A1-E0F5B36D041C}.Debug|Any CPU.ActiveCfg = Debug|Any CPU
		{43F6860F-7BD4-4226-B3A1-E0F5B36D041C}.Debug|Any CPU.Build.0 = Debug|Any CPU
		{43F6860F-7BD4-4226-B3A1-E0F5B36D041C}.Release|Any CPU.ActiveCfg = Release|Any CPU
		{43F6860F-7BD4-4226-B3A1-E0F5B36D041C}.Release|Any CPU.Build.0 = Release|Any CPU
	EndGlobalSection
	GlobalSection(SolutionProperties) = preSolution
		HideSolutionNode = FALSE
	EndGlobalSection
	GlobalSection(ExtensibilityGlobals) = postSolution
		SolutionGuid = {53C5B9FD-C508-4DE4-90E4-DAE2742AF4F5}
	EndGlobalSection
EndGlobal
